
Microsoft Visual Studio Solution File, Format Version 12.00
# Visual Studio Version 16
VisualStudioVersion = 16.0.30709.132
MinimumVisualStudioVersion = 10.0.40219.1
Project("{9A19103F-16F7-4668-BE54-9A1E7A4F7556}") = "Blazor.Todo.Server", "Blazor.Todo\Server\Blazor.Todo.Server.csproj", "{93A23EE2-6E80-4856-80B9-7EFF1CF911E0}"
EndProject
Project("{9A19103F-16F7-4668-BE54-9A1E7A4F7556}") = "Blazor.Todo.Client", "Blazor.Todo\Client\Blazor.Todo.Client.csproj", "{D1B3D0DC-7081-4336-9EEF-D91DEEC6B60F}"
EndProject
Project("{9A19103F-16F7-4668-BE54-9A1E7A4F7556}") = "Blazor.Todo.Shared", "Blazor.Todo\Shared\Blazor.Todo.Shared.csproj", "{9E77DDC9-4A4F-415C-A827-5602E36CE376}"
EndProject
Global
	GlobalSection(SolutionConfigurationPlatforms) = preSolution
		Debug|Any CPU = Debug|Any CPU
		Release|Any CPU = Release|Any CPU
	EndGlobalSection
	GlobalSection(ProjectConfigurationPlatforms) = postSolution
		{93A23EE2-6E80-4856-80B9-7EFF1CF911E0}.Debug|Any CPU.ActiveCfg = Debug|Any CPU
		{93A23EE2-6E80-4856-80B9-7EFF1CF911E0}.Debug|Any CPU.Build.0 = Debug|Any CPU
		{93A23EE2-6E80-4856-80B9-7EFF1CF911E0}.Release|Any CPU.ActiveCfg = Release|Any CPU
		{93A23EE2-6E80-4856-80B9-7EFF1CF911E0}.Release|Any CPU.Build.0 = Release|Any CPU
		{D1B3D0DC-7081-4336-9EEF-D91DEEC6B60F}.Debug|Any CPU.ActiveCfg = Debug|Any CPU
		{D1B3D0DC-7081-4336-9EEF-D91DEEC6B60F}.Debug|Any CPU.Build.0 = Debug|Any CPU
		{D1B3D0DC-7081-4336-9EEF-D91DEEC6B60F}.Release|Any CPU.ActiveCfg = Release|Any CPU
		{D1B3D0DC-7081-4336-9EEF-D91DEEC6B60F}.Release|Any CPU.Build.0 = Release|Any CPU
		{9E77DDC9-4A4F-415C-A827-5602E36CE376}.Debug|Any CPU.ActiveCfg = Debug|Any CPU
		{9E77DDC9-4A4F-415C-A827-5602E36CE376}.Debug|Any CPU.Build.0 = Debug|Any CPU
		{9E77DDC9-4A4F-415C-A827-5602E36CE376}.Release|Any CPU.ActiveCfg = Release|Any CPU
		{9E77DDC9-4A4F-415C-A827-5602E36CE376}.Release|Any CPU.Build.0 = Release|Any CPU
	EndGlobalSection
	GlobalSection(SolutionProperties) = preSolution
		HideSolutionNode = FALSE
	EndGlobalSection
	GlobalSection(ExtensibilityGlobals) = postSolution
		SolutionGuid = {8D398FE4-BEDC-4852-B86C-435B0198F480}
	EndGlobalSection
EndGlobal
